
Microsoft Visual Studio Solution File, Format Version 12.00
# Visual Studio Version 17
VisualStudioVersion = 17.4.33122.133
MinimumVisualStudioVersion = 10.0.40219.1
Project("{FAE04EC0-301F-11D3-BF4B-00C04F79EFBC}") = "Alıştırma2", "Alıştırma2\Alıştırma2.csproj", "{08E4CA7C-3504-4E54-8522-AFEEB61AD502}"
EndProject
Global
	GlobalSection(SolutionConfigurationPlatforms) = preSolution
		Debug|Any CPU = Debug|Any CPU
		Release|Any CPU = Release|Any CPU
	EndGlobalSection
	GlobalSection(ProjectConfigurationPlatforms) = postSolution
		{08E4CA7C-3504-4E54-8522-AFEEB61AD502}.Debug|Any CPU.ActiveCfg = Debug|Any CPU
		{08E4CA7C-3504-4E54-8522-AFEEB61AD502}.Debug|Any CPU.Build.0 = Debug|Any CPU
		{08E4CA7C-3504-4E54-8522-AFEEB61AD502}.Release|Any CPU.ActiveCfg = Release|Any CPU
		{08E4CA7C-3504-4E54-8522-AFEEB61AD502}.Release|Any CPU.Build.0 = Release|Any CPU
	EndGlobalSection
	GlobalSection(SolutionProperties) = preSolution
		HideSolutionNode = FALSE
	EndGlobalSection
	GlobalSection(ExtensibilityGlobals) = postSolution
		SolutionGuid = {2B071B50-FB84-4063-A06C-1C89D42D0BCD}
	EndGlobalSection
EndGlobal
